<?xml version="1.0" encoding="utf-8"?>
<Project ToolsVersion="4.0" xmlns="http://schemas.microsoft.com/developer/msbuild/2003">
  <ItemGroup>
    <Filter Include="Void">
      <UniqueIdentifier>{371E8E7C-2355-8F0D-CC41-7510B8570B0F}</UniqueIdentifier>
    </Filter>
    <Filter Include="Void\Core">
      <UniqueIdentifier>{EFBCD503-5B27-8A7A-A465-3B20100F68CF}</UniqueIdentifier>
    </Filter>
    <Filter Include="Void\Debug">
      <UniqueIdentifier>{EDB5997E-D96D-DBCB-4275-B4272E4C76BC}</UniqueIdentifier>
    </Filter>
    <Filter Include="Void\ECS">
      <UniqueIdentifier>{01566B36-ED22-C641-163C-B4E90268FBCF}</UniqueIdentifier>
    </Filter>
    <Filter Include="Void\ECS\Components">
      <UniqueIdentifier>{76D809CD-E239-E7DA-6BA7-2D8DD7071E9A}</UniqueIdentifier>
    </Filter>
    <Filter Include="Void\ECS\Core">
      <UniqueIdentifier>{F962BF92-6523-3BC9-2E5E-84469ADD7FA5}</UniqueIdentifier>
    </Filter>
    <Filter Include="Void\ECS\Core\Scene">
      <UniqueIdentifier>{D6665E84-42C8-3B92-CB35-824437967251}</UniqueIdentifier>
    </Filter>
    <Filter Include="Void\ECS\Core\Systems">
      <UniqueIdentifier>{00A2E549-6C0E-A144-3502-39A2A12DC3AC}</UniqueIdentifier>
    </Filter>
    <Filter Include="Void\ECS\Systems">
      <UniqueIdentifier>{081DB82B-F415-D77D-1D48-BC0209A0B689}</UniqueIdentifier>
    </Filter>
    <Filter Include="Void\Event">
      <UniqueIdentifier>{C82CB57E-B4E4-F6CB-1DEC-CF2709C391BC}</UniqueIdentifier>
    </Filter>
    <Filter Include="Void\Layers">
      <UniqueIdentifier>{16B13D64-8266-B659-0B5B-B030770FAD5D}</UniqueIdentifier>
    </Filter>
    <Filter Include="Void\Layers\Core">
      <UniqueIdentifier>{2EF33EAA-1AEC-5DFC-431E-43812F763D08}</UniqueIdentifier>
    </Filter>
    <Filter Include="Void\Physics">
      <UniqueIdentifier>{A9683830-95CB-C7D4-3E51-008B2A939357}</UniqueIdentifier>
    </Filter>
    <Filter Include="Void\Physics\Colliders">
      <UniqueIdentifier>{B9FA3EB2-A5F4-6704-8E61-FE147AFACD70}</UniqueIdentifier>
    </Filter>
    <Filter Include="Void\Physics\Solvers">
      <UniqueIdentifier>{462F50BC-32BE-D985-DBDC-ED80C74AEA2B}</UniqueIdentifier>
    </Filter>
    <Filter Include="Void\Physics\Solvers\Impulse">
      <UniqueIdentifier>{9485F618-8040-E6C4-29F8-5E0F15923055}</UniqueIdentifier>
    </Filter>
    <Filter Include="Void\Physics\Solvers\Position">
      <UniqueIdentifier>{CA11B34D-362A-9A77-FFD6-29116BAE2E11}</UniqueIdentifier>
    </Filter>
    <Filter Include="Void\Platform">
      <UniqueIdentifier>{6B484333-D708-BF69-A043-08E70CC30346}</UniqueIdentifier>
    </Filter>
    <Filter Include="Void\Platform\OpenGL">
      <UniqueIdentifier>{3FEBA2AF-2B7A-2C79-D498-4074C0063D1F}</UniqueIdentifier>
    </Filter>
    <Filter Include="Void\Platform\OpenGL\Components">
      <UniqueIdentifier>{F4EA2A36-60CE-3976-69D1-67B2D53300C7}</UniqueIdentifier>
    </Filter>
    <Filter Include="Void\Platform\OpenGL\Components\FrameBuffer">
      <UniqueIdentifier>{08168747-747B-1ACE-FD53-BCA669B80F3D}</UniqueIdentifier>
    </Filter>
    <Filter Include="Void\Platform\OpenGL\Components\IndexBuffer">
      <UniqueIdentifier>{951F6C79-0185-FFFF-8A5D-A1D8F6C1F46E}</UniqueIdentifier>
    </Filter>
    <Filter Include="Void\Platform\OpenGL\Components\Renderer">
      <UniqueIdentifier>{1AC1AFBE-063E-A301-2FBB-A3151B973F95}</UniqueIdentifier>
    </Filter>
    <Filter Include="Void\Platform\OpenGL\Components\RenderingContext">
      <UniqueIdentifier>{66C7AB20-5270-1350-7B06-2FCF670E2E91}</UniqueIdentifier>
    </Filter>
    <Filter Include="Void\Platform\OpenGL\Components\Shader">
      <UniqueIdentifier>{1AC05CA9-0612-3499-EF30-71A9DB214D82}</UniqueIdentifier>
    </Filter>
    <Filter Include="Void\Platform\OpenGL\Components\Texture">
      <UniqueIdentifier>{54C4981C-C053-5A07-C94F-3B1F355E9513}</UniqueIdentifier>
    </Filter>
    <Filter Include="Void\Platform\OpenGL\Components\VertexArray">
      <UniqueIdentifier>{80BD2915-EC22-BD9B-75FB-5E74E15FB20A}</UniqueIdentifier>
    </Filter>
    <Filter Include="Void\Platform\OpenGL\Components\VertexBuffer">
      <UniqueIdentifier>{3B5EE6BC-2771-E615-D05A-C302BC4C8363}</UniqueIdentifier>
    </Filter>
    <Filter Include="Void\Platform\OpenGL\Debugging">
      <UniqueIdentifier>{BAE38583-A609-50EA-8F4F-D5B57B1475B6}</UniqueIdentifier>
    </Filter>
    <Filter Include="Void\Platform\OpenGL\ImGui">
      <UniqueIdentifier>{A993847B-95A3-304C-FE5C-956AEA8B1FE5}</UniqueIdentifier>
    </Filter>
    <Filter Include="Void\Platform\OpenGL\Input">
      <UniqueIdentifier>{7ECE857B-6ADE-314C-D397-966ABFC620E5}</UniqueIdentifier>
    </Filter>
    <Filter Include="Void\Platform\OpenGL\Window">
      <UniqueIdentifier>{46FB8B0C-B208-BAF2-3BEF-B5DDA7FB85A9}</UniqueIdentifier>
    </Filter>
    <Filter Include="Void\Rendering">
      <UniqueIdentifier>{44582AD2-3026-1ED8-19BA-8EFE0527FA3C}</UniqueIdentifier>
    </Filter>
    <Filter Include="Void\Rendering\Camera">
      <UniqueIdentifier>{3C78E7A6-A8E4-A2A1-71D8-3AFFDD03C509}</UniqueIdentifier>
    </Filter>
    <Filter Include="Void\Rendering\Camera\Camera">
      <UniqueIdentifier>{34F191FD-20AC-81A9-C963-FAF3B5FDCB39}</UniqueIdentifier>
    </Filter>
    <Filter Include="Void\Rendering\Camera\CameraController">
      <UniqueIdentifier>{D8C6AF4C-C418-873C-AD37-C44C9928A025}</UniqueIdentifier>
    </Filter>
    <Filter Include="Void\Rendering\Components">
      <UniqueIdentifier>{D90AD5E9-45CD-0874-8E7D-9700FA7EE151}</UniqueIdentifier>
    </Filter>
    <Filter Include="Void\Rendering\Components\FrameBuffer">
      <UniqueIdentifier>{6D355B4C-D9F9-593C-A25F-8A060EE3F571}</UniqueIdentifier>
    </Filter>
    <Filter Include="Void\Rendering\Components\IndexBuffer">
      <UniqueIdentifier>{FA3E407E-6603-3F6E-2F69-6F389BECDAA3}</UniqueIdentifier>
    </Filter>
    <Filter Include="Void\Rendering\Components\Mesh">
      <UniqueIdentifier>{353039A8-2156-030F-0A9C-88DAF66028DB}</UniqueIdentifier>
    </Filter>
    <Filter Include="Void\Rendering\Components\Renderer">
      <UniqueIdentifier>{9F92A016-8BCE-A380-F4E0-BB77E03B4C9B}</UniqueIdentifier>
    </Filter>
    <Filter Include="Void\Rendering\Components\RenderingContext">
      <UniqueIdentifier>{EB4D8485-D7B5-4A53-4021-5F692CA8613F}</UniqueIdentifier>
    </Filter>
    <Filter Include="Void\Rendering\Components\Shader">
      <UniqueIdentifier>{5F6C71A9-4BBD-5CEB-7421-4BAD60D1EF54}</UniqueIdentifier>
    </Filter>
    <Filter Include="Void\Rendering\Components\Texture">
      <UniqueIdentifier>{39F9421F-A567-989E-EE50-539E5AFE8D3A}</UniqueIdentifier>
    </Filter>
    <Filter Include="Void\Rendering\Components\VertexArray">
      <UniqueIdentifier>{E5DCFD19-51A1-FC09-1A07-2DD4868A983F}</UniqueIdentifier>
    </Filter>
    <Filter Include="Void\Rendering\Components\VertexBuffer">
      <UniqueIdentifier>{406A3E5C-2CBC-154C-15DB-525C01CC2E35}</UniqueIdentifier>
    </Filter>
    <Filter Include="Void\Rendering\Components\VertexBufferLayout">
      <UniqueIdentifier>{7EB4DCA6-6AC7-DCFF-13B1-B9ECFFA2794D}</UniqueIdentifier>
    </Filter>
    <Filter Include="Void\Rendering\Libraries">
      <UniqueIdentifier>{B0F04D1C-9C15-9D9C-C560-822CB1E49BBA}</UniqueIdentifier>
    </Filter>
    <Filter Include="Void\Rendering\Libraries\Mesh">
      <UniqueIdentifier>{6C548E48-D86C-7572-A119-050C0DF1090C}</UniqueIdentifier>
    </Filter>
    <Filter Include="Void\Rendering\Libraries\Shader">
      <UniqueIdentifier>{567AA0B3-C25D-AFF3-CB60-DD2F37C37544}</UniqueIdentifier>
    </Filter>
    <Filter Include="Void\Rendering\Libraries\Texture">
      <UniqueIdentifier>{10C6536F-FC16-3FB1-257B-2D73112BD21A}</UniqueIdentifier>
    </Filter>
    <Filter Include="Void\Utils">
      <UniqueIdentifier>{D7ACD57F-C364-17CD-2C6C-F0281843B2BD}</UniqueIdentifier>
    </Filter>
    <Filter Include="Void\Utils\ExternalFiles">
      <UniqueIdentifier>{7C3A99FC-685F-E87C-91AA-CD0C7D2EE79A}</UniqueIdentifier>
    </Filter>
    <Filter Include="Void\Utils\ExternalFiles\File">
      <UniqueIdentifier>{2BD72734-97EF-0E5E-609C-9EF7CC73A3F7}</UniqueIdentifier>
    </Filter>
    <Filter Include="Void\Utils\ExternalFiles\MeshLoader">
      <UniqueIdentifier>{0F9FE0EC-7B58-4B97-04B8-657170700107}</UniqueIdentifier>
    </Filter>
    <Filter Include="Void\Utils\Parser">
      <UniqueIdentifier>{73912F48-DFA7-2DDE-281F-B9FF9474FE65}</UniqueIdentifier>
    </Filter>
    <Filter Include="Void\Utils\TimeSteps">
      <UniqueIdentifier>{441FC3EE-30AE-4CB8-D9CC-60B3C53A5D5E}</UniqueIdentifier>
    </Filter>
    <Filter Include="Void\Vendor">
      <UniqueIdentifier>{949CD37B-0052-4C71-8946-4648F5FA4275}</UniqueIdentifier>
    </Filter>
    <Filter Include="Void\Vendor\stb_lib">
      <UniqueIdentifier>{420CDAD5-AE6D-B7E3-37DB-FD95A33BEEA2}</UniqueIdentifier>
    </Filter>
  </ItemGroup>
  <ItemGroup>
    <ClInclude Include="src\Void.h" />
    <ClInclude Include="src\Void\Core\Application.h">
      <Filter>Void\Core</Filter>
    </ClInclude>
    <ClInclude Include="src\Void\Core\Core.h">
      <Filter>Void\Core</Filter>
    </ClInclude>
    <ClInclude Include="src\Void\Core\EntryPoint.h">
      <Filter>Void\Core</Filter>
    </ClInclude>
    <ClInclude Include="src\Void\Core\Input.h">
      <Filter>Void\Core</Filter>
    </ClInclude>
    <ClInclude Include="src\Void\Core\Window.h">
      <Filter>Void\Core</Filter>
    </ClInclude>
    <ClInclude Include="src\Void\Debug\Assertion.h">
      <Filter>Void\Debug</Filter>
    </ClInclude>
    <ClInclude Include="src\Void\Debug\Log.h">
      <Filter>Void\Debug</Filter>
    </ClInclude>
    <ClInclude Include="src\Void\ECS\Components\LightComponent.h">
      <Filter>Void\ECS\Components</Filter>
    </ClInclude>
    <ClInclude Include="src\Void\ECS\Components\PhysicsComponent.h">
      <Filter>Void\ECS\Components</Filter>
    </ClInclude>
    <ClInclude Include="src\Void\ECS\Components\RenderingComponent.h">
      <Filter>Void\ECS\Components</Filter>
    </ClInclude>
    <ClInclude Include="src\Void\ECS\Components\SpotLightComponent.h">
      <Filter>Void\ECS\Components</Filter>
    </ClInclude>
    <ClInclude Include="src\Void\ECS\Components\TranformComponent.h">
      <Filter>Void\ECS\Components</Filter>
    </ClInclude>
    <ClInclude Include="src\Void\ECS\Core\Scene\Scene.h">
      <Filter>Void\ECS\Core\Scene</Filter>
    </ClInclude>
    <ClInclude Include="src\Void\ECS\Core\Scene\SceneManager.h">
      <Filter>Void\ECS\Core\Scene</Filter>
    </ClInclude>
    <ClInclude Include="src\Void\ECS\Core\Systems\ISystem.h">
      <Filter>Void\ECS\Core\Systems</Filter>
    </ClInclude>
    <ClInclude Include="src\Void\ECS\Systems\PhysicsSystem.h">
      <Filter>Void\ECS\Systems</Filter>
    </ClInclude>
    <ClInclude Include="src\Void\ECS\Systems\RenderingSystem.h">
      <Filter>Void\ECS\Systems</Filter>
    </ClInclude>
    <ClInclude Include="src\Void\Event\Event.h">
      <Filter>Void\Event</Filter>
    </ClInclude>
    <ClInclude Include="src\Void\Event\KeyEvents.h">
      <Filter>Void\Event</Filter>
    </ClInclude>
    <ClInclude Include="src\Void\Event\MouseEvents.h">
      <Filter>Void\Event</Filter>
    </ClInclude>
    <ClInclude Include="src\Void\Event\WindowEvents.h">
      <Filter>Void\Event</Filter>
    </ClInclude>
    <ClInclude Include="src\Void\Layers\Core\Layer.h">
      <Filter>Void\Layers\Core</Filter>
    </ClInclude>
    <ClInclude Include="src\Void\Layers\Core\LayerStack.h">
      <Filter>Void\Layers\Core</Filter>
    </ClInclude>
    <ClInclude Include="src\Void\Layers\ImGuiLayer.h">
      <Filter>Void\Layers</Filter>
    </ClInclude>
    <ClInclude Include="src\Void\Physics\ColissionAlgorithms.h">
      <Filter>Void\Physics</Filter>
    </ClInclude>
    <ClInclude Include="src\Void\Physics\Colliders\Collider.h">
      <Filter>Void\Physics\Colliders</Filter>
    </ClInclude>
    <ClInclude Include="src\Void\Physics\Colliders\PlaneCollider.h">
      <Filter>Void\Physics\Colliders</Filter>
    </ClInclude>
    <ClInclude Include="src\Void\Physics\Colliders\SphereCollider.h">
      <Filter>Void\Physics\Colliders</Filter>
    </ClInclude>
    <ClInclude Include="src\Void\Physics\Collision.h">
      <Filter>Void\Physics</Filter>
    </ClInclude>
    <ClInclude Include="src\Void\Physics\CollisionPoints.h">
      <Filter>Void\Physics</Filter>
    </ClInclude>
    <ClInclude Include="src\Void\Physics\Solvers\Impulse\ImpulseSolver.h">
      <Filter>Void\Physics\Solvers\Impulse</Filter>
    </ClInclude>
    <ClInclude Include="src\Void\Physics\Solvers\Position\PositionSolver.h">
      <Filter>Void\Physics\Solvers\Position</Filter>
    </ClInclude>
    <ClInclude Include="src\Void\Physics\Solvers\Solver.h">
      <Filter>Void\Physics\Solvers</Filter>
    </ClInclude>
    <ClInclude Include="src\Void\Physics\Tranform.h">
      <Filter>Void\Physics</Filter>
    </ClInclude>
    <ClInclude Include="src\Void\Platform\OpenGL\Components\FrameBuffer\OpenGLFrameBuffer.h">
      <Filter>Void\Platform\OpenGL\Components\FrameBuffer</Filter>
    </ClInclude>
    <ClInclude Include="src\Void\Platform\OpenGL\Components\IndexBuffer\OpenGLIndexBuffer.h">
      <Filter>Void\Platform\OpenGL\Components\IndexBuffer</Filter>
    </ClInclude>
    <ClInclude Include="src\Void\Platform\OpenGL\Components\Renderer\OpenGLRenderer.h">
      <Filter>Void\Platform\OpenGL\Components\Renderer</Filter>
    </ClInclude>
    <ClInclude Include="src\Void\Platform\OpenGL\Components\RenderingContext\OpenGLRenderingContext.h">
      <Filter>Void\Platform\OpenGL\Components\RenderingContext</Filter>
    </ClInclude>
    <ClInclude Include="src\Void\Platform\OpenGL\Components\Shader\OpenGLShader.h">
      <Filter>Void\Platform\OpenGL\Components\Shader</Filter>
    </ClInclude>
    <ClInclude Include="src\Void\Platform\OpenGL\Components\Texture\OpenGLTexture.h">
      <Filter>Void\Platform\OpenGL\Components\Texture</Filter>
    </ClInclude>
    <ClInclude Include="src\Void\Platform\OpenGL\Components\VertexArray\OpenGLVertexArray.h">
      <Filter>Void\Platform\OpenGL\Components\VertexArray</Filter>
    </ClInclude>
    <ClInclude Include="src\Void\Platform\OpenGL\Components\VertexBuffer\OpenGLVertexBuffer.h">
      <Filter>Void\Platform\OpenGL\Components\VertexBuffer</Filter>
    </ClInclude>
    <ClInclude Include="src\Void\Platform\OpenGL\Debugging\OpenGLDebugger.h">
      <Filter>Void\Platform\OpenGL\Debugging</Filter>
    </ClInclude>
    <ClInclude Include="src\Void\Platform\OpenGL\Input\OpenGLInput.h">
      <Filter>Void\Platform\OpenGL\Input</Filter>
    </ClInclude>
    <ClInclude Include="src\Void\Platform\OpenGL\Window\OpenGLWindow.h">
      <Filter>Void\Platform\OpenGL\Window</Filter>
    </ClInclude>
    <ClInclude Include="src\Void\Rendering\Camera\Camera\Camera.h">
      <Filter>Void\Rendering\Camera\Camera</Filter>
    </ClInclude>
    <ClInclude Include="src\Void\Rendering\Camera\CameraController\CameraController.h">
      <Filter>Void\Rendering\Camera\CameraController</Filter>
    </ClInclude>
    <ClInclude Include="src\Void\Rendering\Components\FrameBuffer\FrameBuffer.h">
      <Filter>Void\Rendering\Components\FrameBuffer</Filter>
    </ClInclude>
    <ClInclude Include="src\Void\Rendering\Components\FrameBuffer\FrameBufferConfig.h">
      <Filter>Void\Rendering\Components\FrameBuffer</Filter>
    </ClInclude>
    <ClInclude Include="src\Void\Rendering\Components\IndexBuffer\IndexBuffer.h">
      <Filter>Void\Rendering\Components\IndexBuffer</Filter>
    </ClInclude>
    <ClInclude Include="src\Void\Rendering\Components\Mesh\Mesh.h">
      <Filter>Void\Rendering\Components\Mesh</Filter>
    </ClInclude>
    <ClInclude Include="src\Void\Rendering\Components\Renderer\Renderer.h">
      <Filter>Void\Rendering\Components\Renderer</Filter>
    </ClInclude>
    <ClInclude Include="src\Void\Rendering\Components\Renderer\RenderingCommands.h">
      <Filter>Void\Rendering\Components\Renderer</Filter>
    </ClInclude>
    <ClInclude Include="src\Void\Rendering\Components\RenderingContext\RenderingContext.h">
      <Filter>Void\Rendering\Components\RenderingContext</Filter>
    </ClInclude>
    <ClInclude Include="src\Void\Rendering\Components\Shader\Shader.h">
      <Filter>Void\Rendering\Components\Shader</Filter>
    </ClInclude>
    <ClInclude Include="src\Void\Rendering\Components\Texture\Texture.h">
      <Filter>Void\Rendering\Components\Texture</Filter>
    </ClInclude>
    <ClInclude Include="src\Void\Rendering\Components\VertexArray\VertexArray.h">
      <Filter>Void\Rendering\Components\VertexArray</Filter>
    </ClInclude>
    <ClInclude Include="src\Void\Rendering\Components\VertexBuffer\VertexBuffer.h">
      <Filter>Void\Rendering\Components\VertexBuffer</Filter>
    </ClInclude>
    <ClInclude Include="src\Void\Rendering\Components\VertexBufferLayout\VertexBufferLayout.h">
      <Filter>Void\Rendering\Components\VertexBufferLayout</Filter>
    </ClInclude>
    <ClInclude Include="src\Void\Rendering\Components\VertexBufferLayout\VertexBufferLayoutElement.h">
      <Filter>Void\Rendering\Components\VertexBufferLayout</Filter>
    </ClInclude>
    <ClInclude Include="src\Void\Rendering\Libraries\Mesh\MeshLibrary.h">
      <Filter>Void\Rendering\Libraries\Mesh</Filter>
    </ClInclude>
    <ClInclude Include="src\Void\Rendering\Libraries\Shader\ShaderLibrary.h">
      <Filter>Void\Rendering\Libraries\Shader</Filter>
    </ClInclude>
    <ClInclude Include="src\Void\Rendering\Libraries\Texture\TextureLibrary.h">
      <Filter>Void\Rendering\Libraries\Texture</Filter>
    </ClInclude>
    <ClInclude Include="src\Void\Utils\ExternalFiles\File\File.h">
      <Filter>Void\Utils\ExternalFiles\File</Filter>
    </ClInclude>
    <ClInclude Include="src\Void\Utils\ExternalFiles\MeshLoader\MeshLoader.h">
      <Filter>Void\Utils\ExternalFiles\MeshLoader</Filter>
    </ClInclude>
    <ClInclude Include="src\Void\Utils\ExternalFiles\TextureLoader.h">
      <Filter>Void\Utils\ExternalFiles</Filter>
    </ClInclude>
    <ClInclude Include="src\Void\Utils\Parser\ISerializable.h">
      <Filter>Void\Utils\Parser</Filter>
    </ClInclude>
    <ClInclude Include="src\Void\Utils\Parser\JSONParser.h">
      <Filter>Void\Utils\Parser</Filter>
    </ClInclude>
    <ClInclude Include="src\Void\Utils\TimeSteps\Time.h">
      <Filter>Void\Utils\TimeSteps</Filter>
    </ClInclude>
    <ClInclude Include="src\Void\Vendor\stb_lib\stb_lib.h">
      <Filter>Void\Vendor\stb_lib</Filter>
    </ClInclude>
    <ClInclude Include="src\pch.h" />
  </ItemGroup>
  <ItemGroup>
    <ClCompile Include="src\Void\Core\Application.cpp">
      <Filter>Void\Core</Filter>
    </ClCompile>
    <ClCompile Include="src\Void\Core\Input.cpp">
      <Filter>Void\Core</Filter>
    </ClCompile>
    <ClCompile Include="src\Void\Core\Window.cpp">
      <Filter>Void\Core</Filter>
    </ClCompile>
    <ClCompile Include="src\Void\Debug\Log.cpp">
      <Filter>Void\Debug</Filter>
    </ClCompile>
    <ClCompile Include="src\Void\ECS\Core\Scene\Scene.cpp">
      <Filter>Void\ECS\Core\Scene</Filter>
    </ClCompile>
    <ClCompile Include="src\Void\ECS\Core\Scene\SceneManager.cpp">
      <Filter>Void\ECS\Core\Scene</Filter>
    </ClCompile>
    <ClCompile Include="src\Void\ECS\Systems\PhysicsSystem.cpp">
      <Filter>Void\ECS\Systems</Filter>
    </ClCompile>
    <ClCompile Include="src\Void\ECS\Systems\RenderingSystem.cpp">
      <Filter>Void\ECS\Systems</Filter>
    </ClCompile>
    <ClCompile Include="src\Void\Layers\Core\Layer.cpp">
      <Filter>Void\Layers\Core</Filter>
    </ClCompile>
    <ClCompile Include="src\Void\Layers\Core\LayerStack.cpp">
      <Filter>Void\Layers\Core</Filter>
    </ClCompile>
    <ClCompile Include="src\Void\Layers\ImGuiLayer.cpp">
      <Filter>Void\Layers</Filter>
    </ClCompile>
    <ClCompile Include="src\Void\Physics\ColissionAlgorithms.cpp">
      <Filter>Void\Physics</Filter>
    </ClCompile>
    <ClCompile Include="src\Void\Physics\Colliders\PlaneCollider.cpp">
      <Filter>Void\Physics\Colliders</Filter>
    </ClCompile>
    <ClCompile Include="src\Void\Physics\Colliders\SphereCollider.cpp">
      <Filter>Void\Physics\Colliders</Filter>
    </ClCompile>
    <ClCompile Include="src\Void\Physics\Solvers\Impulse\ImpulseSolver.cpp">
      <Filter>Void\Physics\Solvers\Impulse</Filter>
    </ClCompile>
    <ClCompile Include="src\Void\Physics\Solvers\Position\PositionSolver.cpp">
      <Filter>Void\Physics\Solvers\Position</Filter>
    </ClCompile>
    <ClCompile Include="src\Void\Platform\OpenGL\Components\FrameBuffer\OpenGLFrameBuffer.cpp">
      <Filter>Void\Platform\OpenGL\Components\FrameBuffer</Filter>
    </ClCompile>
    <ClCompile Include="src\Void\Platform\OpenGL\Components\IndexBuffer\OpenGLIndexBuffer.cpp">
      <Filter>Void\Platform\OpenGL\Components\IndexBuffer</Filter>
    </ClCompile>
    <ClCompile Include="src\Void\Platform\OpenGL\Components\Renderer\OpenGLRenderer.cpp">
      <Filter>Void\Platform\OpenGL\Components\Renderer</Filter>
    </ClCompile>
    <ClCompile Include="src\Void\Platform\OpenGL\Components\RenderingContext\OpenGLRenderingContext.cpp">
      <Filter>Void\Platform\OpenGL\Components\RenderingContext</Filter>
    </ClCompile>
    <ClCompile Include="src\Void\Platform\OpenGL\Components\Shader\OpenGLShader.cpp">
      <Filter>Void\Platform\OpenGL\Components\Shader</Filter>
    </ClCompile>
    <ClCompile Include="src\Void\Platform\OpenGL\Components\Texture\OpenGLTexture.cpp">
      <Filter>Void\Platform\OpenGL\Components\Texture</Filter>
    </ClCompile>
    <ClCompile Include="src\Void\Platform\OpenGL\Components\VertexArray\OpenGLVertexArray.cpp">
      <Filter>Void\Platform\OpenGL\Components\VertexArray</Filter>
    </ClCompile>
    <ClCompile Include="src\Void\Platform\OpenGL\Components\VertexBuffer\OpenGLVertexBuffer.cpp">
      <Filter>Void\Platform\OpenGL\Components\VertexBuffer</Filter>
    </ClCompile>
    <ClCompile Include="src\Void\Platform\OpenGL\Debugging\OpenGLDebugger.cpp">
      <Filter>Void\Platform\OpenGL\Debugging</Filter>
    </ClCompile>
    <ClCompile Include="src\Void\Platform\OpenGL\ImGui\ImGuiBuilder.cpp">
      <Filter>Void\Platform\OpenGL\ImGui</Filter>
    </ClCompile>
    <ClCompile Include="src\Void\Platform\OpenGL\Input\OpenGLInput.cpp">
      <Filter>Void\Platform\OpenGL\Input</Filter>
    </ClCompile>
    <ClCompile Include="src\Void\Platform\OpenGL\Window\OpenGLWindow.cpp">
      <Filter>Void\Platform\OpenGL\Window</Filter>
    </ClCompile>
    <ClCompile Include="src\Void\Rendering\Camera\Camera\Camera.cpp">
      <Filter>Void\Rendering\Camera\Camera</Filter>
    </ClCompile>
    <ClCompile Include="src\Void\Rendering\Camera\CameraController\CameraController.cpp">
      <Filter>Void\Rendering\Camera\CameraController</Filter>
    </ClCompile>
    <ClCompile Include="src\Void\Rendering\Components\FrameBuffer\FrameBuffer.cpp">
      <Filter>Void\Rendering\Components\FrameBuffer</Filter>
    </ClCompile>
    <ClCompile Include="src\Void\Rendering\Components\IndexBuffer\IndexBuffer.cpp">
      <Filter>Void\Rendering\Components\IndexBuffer</Filter>
    </ClCompile>
    <ClCompile Include="src\Void\Rendering\Components\Renderer\Renderer.cpp">
      <Filter>Void\Rendering\Components\Renderer</Filter>
    </ClCompile>
    <ClCompile Include="src\Void\Rendering\Components\Renderer\RenderingCommands.cpp">
      <Filter>Void\Rendering\Components\Renderer</Filter>
    </ClCompile>
    <ClCompile Include="src\Void\Rendering\Components\RenderingContext\RenderingContext.cpp">
      <Filter>Void\Rendering\Components\RenderingContext</Filter>
    </ClCompile>
    <ClCompile Include="src\Void\Rendering\Components\Shader\Shader.cpp">
      <Filter>Void\Rendering\Components\Shader</Filter>
    </ClCompile>
    <ClCompile Include="src\Void\Rendering\Components\Texture\Texture.cpp">
      <Filter>Void\Rendering\Components\Texture</Filter>
    </ClCompile>
    <ClCompile Include="src\Void\Rendering\Components\VertexArray\VertexArray.cpp">
      <Filter>Void\Rendering\Components\VertexArray</Filter>
    </ClCompile>
    <ClCompile Include="src\Void\Rendering\Components\VertexBuffer\VertexBuffer.cpp">
      <Filter>Void\Rendering\Components\VertexBuffer</Filter>
    </ClCompile>
    <ClCompile Include="src\Void\Rendering\Libraries\Mesh\MeshLibrary.cpp">
      <Filter>Void\Rendering\Libraries\Mesh</Filter>
    </ClCompile>
    <ClCompile Include="src\Void\Rendering\Libraries\Shader\ShaderLibrary.cpp">
      <Filter>Void\Rendering\Libraries\Shader</Filter>
    </ClCompile>
    <ClCompile Include="src\Void\Rendering\Libraries\Texture\TextureLibrary.cpp">
      <Filter>Void\Rendering\Libraries\Texture</Filter>
    </ClCompile>
    <ClCompile Include="src\Void\Utils\ExternalFiles\File\File.cpp">
      <Filter>Void\Utils\ExternalFiles\File</Filter>
    </ClCompile>
    <ClCompile Include="src\Void\Utils\ExternalFiles\MeshLoader\MeshLoader.cpp">
      <Filter>Void\Utils\ExternalFiles\MeshLoader</Filter>
    </ClCompile>
    <ClCompile Include="src\Void\Utils\ExternalFiles\TextureLoader.cpp">
      <Filter>Void\Utils\ExternalFiles</Filter>
    </ClCompile>
    <ClCompile Include="src\Void\Utils\Parser\JSONParser.cpp">
      <Filter>Void\Utils\Parser</Filter>
    </ClCompile>
    <ClCompile Include="src\Void\Utils\TimeSteps\Time.cpp">
      <Filter>Void\Utils\TimeSteps</Filter>
    </ClCompile>
    <ClCompile Include="src\Void\Vendor\stb_lib\stb_lib.cpp">
      <Filter>Void\Vendor\stb_lib</Filter>
    </ClCompile>
    <ClCompile Include="src\pch.cpp" />
  </ItemGroup>
</Project>