<?xml version="1.0" encoding="utf-8"?>
<Project ToolsVersion="4.0" xmlns="http://schemas.microsoft.com/developer/msbuild/2003">
  <ItemGroup>
    <Filter Include="Void">
      <UniqueIdentifier>{371E8E7C-2355-8F0D-CC41-7510B8570B0F}</UniqueIdentifier>
    </Filter>
    <Filter Include="Void\Events">
      <UniqueIdentifier>{532c43a9-659e-446b-89e2-c740997a7ab6}</UniqueIdentifier>
    </Filter>
  </ItemGroup>
  <ItemGroup>
    <ClInclude Include="src\Void.h" />
    <ClInclude Include="src\Void\Core\Application.h">
      <Filter>Void</Filter>
    </ClInclude>
    <ClInclude Include="src\Void\Core\Core.h">
      <Filter>Void</Filter>
    </ClInclude>
    <ClInclude Include="src\Void\Core\EntryPoint.h">
      <Filter>Void</Filter>
    </ClInclude>
    <ClInclude Include="src\Void\Debug\Log.h">
      <Filter>Void</Filter>
    </ClInclude>
  </ItemGroup>
  <ItemGroup>
    <ClCompile Include="src\Void\Core\Application.cpp">
      <Filter>Void</Filter>
    </ClCompile>
    <ClCompile Include="src\Void\Debug\Log.cpp">
      <Filter>Void</Filter>
    </ClCompile>
  </ItemGroup>
</Project>